
Microsoft Visual Studio Solution File, Format Version 12.00
# Visual Studio Version 17
VisualStudioVersion = 17.11.35312.102
MinimumVisualStudioVersion = 10.0.40219.1
Project("{FAE04EC0-301F-11D3-BF4B-00C04F79EFBC}") = "SRaveenaNathMachineTestAssetManagementSystem", "SRaveenaNathMachineTestAssetManagementSystem\SRaveenaNathMachineTestAssetManagementSystem.csproj", "{EE4F93E9-8518-43BA-A0C2-993D874ADB7C}"
EndProject
Global
	GlobalSection(SolutionConfigurationPlatforms) = preSolution
		Debug|Any CPU = Debug|Any CPU
		Release|Any CPU = Release|Any CPU
	EndGlobalSection
	GlobalSection(ProjectConfigurationPlatforms) = postSolution
		{EE4F93E9-8518-43BA-A0C2-993D874ADB7C}.Debug|Any CPU.ActiveCfg = Debug|Any CPU
		{EE4F93E9-8518-43BA-A0C2-993D874ADB7C}.Debug|Any CPU.Build.0 = Debug|Any CPU
		{EE4F93E9-8518-43BA-A0C2-993D874ADB7C}.Release|Any CPU.ActiveCfg = Release|Any CPU
		{EE4F93E9-8518-43BA-A0C2-993D874ADB7C}.Release|Any CPU.Build.0 = Release|Any CPU
	EndGlobalSection
	GlobalSection(SolutionProperties) = preSolution
		HideSolutionNode = FALSE
	EndGlobalSection
	GlobalSection(ExtensibilityGlobals) = postSolution
		SolutionGuid = {555C76A6-82A6-4B22-B0AF-C9AF85608594}
	EndGlobalSection
EndGlobal
